
Microsoft Visual Studio Solution File, Format Version 12.00
# Visual Studio Version 16
VisualStudioVersion = 16.0.31005.135
MinimumVisualStudioVersion = 10.0.40219.1
Project("{FAE04EC0-301F-11D3-BF4B-00C04F79EFBC}") = "TestAPIWebShoppers01", "TestAPIWebShoppers01\TestAPIWebShoppers01.csproj", "{0E65E8A8-49D6-49A5-BEFC-E6F5FC7F7827}"
EndProject
Global
	GlobalSection(SolutionConfigurationPlatforms) = preSolution
		Debug|Any CPU = Debug|Any CPU
		Release|Any CPU = Release|Any CPU
	EndGlobalSection
	GlobalSection(ProjectConfigurationPlatforms) = postSolution
		{0E65E8A8-49D6-49A5-BEFC-E6F5FC7F7827}.Debug|Any CPU.ActiveCfg = Debug|Any CPU
		{0E65E8A8-49D6-49A5-BEFC-E6F5FC7F7827}.Debug|Any CPU.Build.0 = Debug|Any CPU
		{0E65E8A8-49D6-49A5-BEFC-E6F5FC7F7827}.Release|Any CPU.ActiveCfg = Release|Any CPU
		{0E65E8A8-49D6-49A5-BEFC-E6F5FC7F7827}.Release|Any CPU.Build.0 = Release|Any CPU
	EndGlobalSection
	GlobalSection(SolutionProperties) = preSolution
		HideSolutionNode = FALSE
	EndGlobalSection
	GlobalSection(ExtensibilityGlobals) = postSolution
		SolutionGuid = {814966BE-6135-42F3-BA4D-D29DB0FBDAD7}
	EndGlobalSection
EndGlobal
